{
  "name": "gr4ph1c4",
  "version": "0.0.1",
  "lockfileVersion": 3,
  "requires": true,
  "packages": {
    "": {
      "name": "gr4ph1c4",
      "version": "0.0.1",
      "dependencies": {
        "chart.js": "file:vendor/chart.js",
        "three": "file:vendor/three"
      }
    },
    "node_modules/chart.js": {
      "resolved": "vendor/chart.js",
      "link": true
    },
    "node_modules/three": {
      "resolved": "vendor/three",
      "link": true
    },
    "vendor/chart.js": {
      "version": "4.5.0-local",
      "license": "MIT"
    },
    "vendor/three": {
      "version": "0.180.0-local",
      "license": "MIT"
    }
  }
}
